{
  "name": "threejsmetamaterials",
  "version": "1.0.0",
  "lockfileVersion": 1,
  "requires": true,
  "dependencies": {
    "three": {
      "version": "0.126.1",
      "resolved": "https://registry.npmjs.org/three/-/three-0.126.1.tgz",
      "integrity": "sha512-eOEXnZeE1FDV0XgL1u08auIP13jxdN9LQBAEmlErYzMxtIIfuGIAZbijOyookALUhqVzVOx0Tywj6n192VM+nQ=="
    },
    "three-csg-ts": {
      "version": "3.1.7",
      "resolved": "https://registry.npmjs.org/three-csg-ts/-/three-csg-ts-3.1.7.tgz",
      "integrity": "sha512-llyTbv/q3NUhht58XpuULbk4ifU0EEpgO/8EuJWRVgNeAE8wD483LOk2KTipg6STPg9VnElSwVGm9u4Vqu57ZQ==",
      "dev": true
    },
    "uniq": {
      "version": "1.0.1",
      "resolved": "https://registry.npmjs.org/uniq/-/uniq-1.0.1.tgz",
      "integrity": "sha1-sxxa6CVIRKOoKBVBzisEuGWnNP8="
    }
  }
}
